
Microsoft Visual Studio Solution File, Format Version 12.00
# Visual Studio Version 16
VisualStudioVersion = 16.0.29613.14
MinimumVisualStudioVersion = 10.0.40219.1
Project("{FAE04EC0-301F-11D3-BF4B-00C04F79EFBC}") = "BilingualSubtitler", "BilingualSubtitler\BilingualSubtitler.csproj", "{6027F57A-5F0A-44AE-9888-5BC3723940BF}"
EndProject
Global
	GlobalSection(SolutionConfigurationPlatforms) = preSolution
		Debug|Any CPU = Debug|Any CPU
		Debug|Default = Debug|Default
		Release|Any CPU = Release|Any CPU
		Release|Default = Release|Default
	EndGlobalSection
	GlobalSection(ProjectConfigurationPlatforms) = postSolution
		{6027F57A-5F0A-44AE-9888-5BC3723940BF}.Debug|Any CPU.ActiveCfg = Debug|Any CPU
		{6027F57A-5F0A-44AE-9888-5BC3723940BF}.Debug|Any CPU.Build.0 = Debug|Any CPU
		{6027F57A-5F0A-44AE-9888-5BC3723940BF}.Debug|Default.ActiveCfg = Debug|Any CPU
		{6027F57A-5F0A-44AE-9888-5BC3723940BF}.Debug|Default.Build.0 = Debug|Any CPU
		{6027F57A-5F0A-44AE-9888-5BC3723940BF}.Release|Any CPU.ActiveCfg = Release|Any CPU
		{6027F57A-5F0A-44AE-9888-5BC3723940BF}.Release|Any CPU.Build.0 = Release|Any CPU
		{6027F57A-5F0A-44AE-9888-5BC3723940BF}.Release|Default.ActiveCfg = Release|Any CPU
		{6027F57A-5F0A-44AE-9888-5BC3723940BF}.Release|Default.Build.0 = Release|Any CPU
	EndGlobalSection
	GlobalSection(SolutionProperties) = preSolution
		HideSolutionNode = FALSE
	EndGlobalSection
	GlobalSection(ExtensibilityGlobals) = postSolution
		SolutionGuid = {8E4A4F8E-9612-4BC3-A0CF-9387A96BF452}
	EndGlobalSection
	GlobalSection(SolutionConfigurationPlatforms) = preSolution
		Debug|Any CPU = Debug|Any CPU
		Debug|Default = Debug|Default
		Release|Any CPU = Release|Any CPU
		Release|Default = Release|Default
	EndGlobalSection
	GlobalSection(SolutionConfigurationPlatforms) = preSolution
		Debug|Any CPU = Debug|Any CPU
		Debug|Default = Debug|Default
		Release|Any CPU = Release|Any CPU
		Release|Default = Release|Default
	EndGlobalSection
EndGlobal
